
Microsoft Visual Studio Solution File, Format Version 12.00
# Visual Studio Version 17
VisualStudioVersion = 17.9.34622.214
MinimumVisualStudioVersion = 10.0.40219.1
Project("{FAE04EC0-301F-11D3-BF4B-00C04F79EFBC}") = "Dictionary", "Dictionary\Dictionary.csproj", "{82C7928E-660B-4127-A34E-1A64150DB2F2}"
EndProject
Global
	GlobalSection(SolutionConfigurationPlatforms) = preSolution
		Debug|Any CPU = Debug|Any CPU
		Release|Any CPU = Release|Any CPU
	EndGlobalSection
	GlobalSection(ProjectConfigurationPlatforms) = postSolution
		{82C7928E-660B-4127-A34E-1A64150DB2F2}.Debug|Any CPU.ActiveCfg = Debug|Any CPU
		{82C7928E-660B-4127-A34E-1A64150DB2F2}.Debug|Any CPU.Build.0 = Debug|Any CPU
		{82C7928E-660B-4127-A34E-1A64150DB2F2}.Release|Any CPU.ActiveCfg = Release|Any CPU
		{82C7928E-660B-4127-A34E-1A64150DB2F2}.Release|Any CPU.Build.0 = Release|Any CPU
	EndGlobalSection
	GlobalSection(SolutionProperties) = preSolution
		HideSolutionNode = FALSE
	EndGlobalSection
	GlobalSection(ExtensibilityGlobals) = postSolution
		SolutionGuid = {8D74B611-A1AB-4371-B9E1-8895185AEF1D}
	EndGlobalSection
EndGlobal
